on:
  push:
    paths:
      - package.json
  schedule:
    - cron: 13 8 * * 6
jobs:
  update_package_lock:
    runs-on: ubuntu-latest
    strategy:
      matrix:
        browser:
          - chrome
        node-version:
          - 20.11.1
    steps:
      - uses: actions/checkout@v4.1.1
      - uses: actions/setup-node@v4.0.2
        with:
          node-version: ${{ matrix.node-version }}
      - env:
          GITHUB_TOKEN: ${{ secrets.GITHUB_TOKEN }}
        uses: gr2m/create-or-update-pull-request-action@v1
        with:
          body: bring lock in sync
          branch: package-lock
          commit-message: "chore(deps): lock"
          labels: npm
          path: package-lock.json
          title: Regenerate package lock
      - env:
          BROWSER: ${{ matrix.browser }}
        run: npm install-test
      - run: npx playwright install
      - run: rm package-lock.json
name: Update package lock
